
Microsoft Visual Studio Solution File, Format Version 12.00
# Visual Studio Version 17
VisualStudioVersion = 17.9.34616.47
MinimumVisualStudioVersion = 10.0.40219.1
Project("{FAE04EC0-301F-11D3-BF4B-00C04F79EFBC}") = "LINQ-Practice1", "LINQ-Practice1\LINQ-Practice1.csproj", "{15000C70-03FF-44BC-9AB3-87E851B74930}"
EndProject
Global
	GlobalSection(SolutionConfigurationPlatforms) = preSolution
		Debug|Any CPU = Debug|Any CPU
		Release|Any CPU = Release|Any CPU
	EndGlobalSection
	GlobalSection(ProjectConfigurationPlatforms) = postSolution
		{15000C70-03FF-44BC-9AB3-87E851B74930}.Debug|Any CPU.ActiveCfg = Debug|Any CPU
		{15000C70-03FF-44BC-9AB3-87E851B74930}.Debug|Any CPU.Build.0 = Debug|Any CPU
		{15000C70-03FF-44BC-9AB3-87E851B74930}.Release|Any CPU.ActiveCfg = Release|Any CPU
		{15000C70-03FF-44BC-9AB3-87E851B74930}.Release|Any CPU.Build.0 = Release|Any CPU
	EndGlobalSection
	GlobalSection(SolutionProperties) = preSolution
		HideSolutionNode = FALSE
	EndGlobalSection
	GlobalSection(ExtensibilityGlobals) = postSolution
		SolutionGuid = {FDCF7989-648C-44D9-9AC9-10214E1C9BF3}
	EndGlobalSection
EndGlobal
